
Microsoft Visual Studio Solution File, Format Version 12.00
# Visual Studio Version 17
VisualStudioVersion = 17.9.34622.214
MinimumVisualStudioVersion = 10.0.40219.1
Project("{FAE04EC0-301F-11D3-BF4B-00C04F79EFBC}") = "3-mal osztatho szamok", "3-mal osztatho szamok\3-mal osztatho szamok.csproj", "{213DAF28-92AC-4140-B41F-08C94E4D10E1}"
EndProject
Global
	GlobalSection(SolutionConfigurationPlatforms) = preSolution
		Debug|Any CPU = Debug|Any CPU
		Release|Any CPU = Release|Any CPU
	EndGlobalSection
	GlobalSection(ProjectConfigurationPlatforms) = postSolution
		{213DAF28-92AC-4140-B41F-08C94E4D10E1}.Debug|Any CPU.ActiveCfg = Debug|Any CPU
		{213DAF28-92AC-4140-B41F-08C94E4D10E1}.Debug|Any CPU.Build.0 = Debug|Any CPU
		{213DAF28-92AC-4140-B41F-08C94E4D10E1}.Release|Any CPU.ActiveCfg = Release|Any CPU
		{213DAF28-92AC-4140-B41F-08C94E4D10E1}.Release|Any CPU.Build.0 = Release|Any CPU
	EndGlobalSection
	GlobalSection(SolutionProperties) = preSolution
		HideSolutionNode = FALSE
	EndGlobalSection
	GlobalSection(ExtensibilityGlobals) = postSolution
		SolutionGuid = {6D43F433-70E4-4D37-8C0F-5627BB27BEC6}
	EndGlobalSection
EndGlobal
